{
  "object": {
    "pins": [
      {
        "package": "IOTAWallet",
        "repositoryURL": "git@github.com:pascalbros/iota-wallet.rs-swift-binding.git",
        "state": {
          "branch": "main",
          "revision": "c87c09ab9f018e7f0b5bb4896d3cec7475497777",
          "version": null
        }
      }
    ]
  },
  "version": 1
}
