{
  "object": {
    "pins": [
      {
        "package": "IOTAWallet",
        "repositoryURL": "git@github.com:pascalbros/iota-wallet.rs-swift-binding.git",
        "state": {
          "branch": "main",
          "revision": "b9e0e03d8d0822ceea5c466a18d32fc4e0c1fd7a",
          "version": null
        }
      }
    ]
  },
  "version": 1
}
