// !$*UTF8*$!
{
	archiveVersion = 1;
	classes = {
	};
	objectVersion = 55;
	objects = {

/* Begin PBXBuildFile section */
		862B537E2788D145003A1CF3 /* PasswordViewModel.swift in Sources */ = {isa = PBXBuildFile; fileRef = 862B537D2788D145003A1CF3 /* PasswordViewModel.swift */; };
		862B53802788E197003A1CF3 /* NewAliasViewModel.swift in Sources */ = {isa = PBXBuildFile; fileRef = 862B537F2788E197003A1CF3 /* NewAliasViewModel.swift */; };
		862B53822788E1EA003A1CF3 /* NewAliasView.swift in Sources */ = {isa = PBXBuildFile; fileRef = 862B53812788E1EA003A1CF3 /* NewAliasView.swift */; };
		862B53842788E981003A1CF3 /* NewAccount.swift in Sources */ = {isa = PBXBuildFile; fileRef = 862B53832788E981003A1CF3 /* NewAccount.swift */; };
		862B53862788FE10003A1CF3 /* NewAccountViewModel.swift in Sources */ = {isa = PBXBuildFile; fileRef = 862B53852788FE10003A1CF3 /* NewAccountViewModel.swift */; };
		862B5388278900DA003A1CF3 /* NewSeedViewModel.swift in Sources */ = {isa = PBXBuildFile; fileRef = 862B5387278900DA003A1CF3 /* NewSeedViewModel.swift */; };
		862B538A2789D1D4003A1CF3 /* AddSeedViewModel.swift in Sources */ = {isa = PBXBuildFile; fileRef = 862B53892789D1D4003A1CF3 /* AddSeedViewModel.swift */; };
		8668A79A2784A9800054A28D /* NewAccountView.swift in Sources */ = {isa = PBXBuildFile; fileRef = 8668A7992784A9800054A28D /* NewAccountView.swift */; };
		867B1C502785C357001807B5 /* NewSeedView.swift in Sources */ = {isa = PBXBuildFile; fileRef = 867B1C4F2785C357001807B5 /* NewSeedView.swift */; };
		867B1C522785DBEB001807B5 /* AddSeedView.swift in Sources */ = {isa = PBXBuildFile; fileRef = 867B1C512785DBEB001807B5 /* AddSeedView.swift */; };
		867B1C542785E28F001807B5 /* ViewExtensions.swift in Sources */ = {isa = PBXBuildFile; fileRef = 867B1C532785E28F001807B5 /* ViewExtensions.swift */; };
		867B1C5627874EA1001807B5 /* PasswordView.swift in Sources */ = {isa = PBXBuildFile; fileRef = 867B1C5527874EA1001807B5 /* PasswordView.swift */; };
		867B1C5827875938001807B5 /* ReceiveView.swift in Sources */ = {isa = PBXBuildFile; fileRef = 867B1C5727875938001807B5 /* ReceiveView.swift */; };
		867B1C5A27875A63001807B5 /* Utils.swift in Sources */ = {isa = PBXBuildFile; fileRef = 867B1C5927875A63001807B5 /* Utils.swift */; };
		86A59E22278851A6004D31AF /* IOTAWallet in Frameworks */ = {isa = PBXBuildFile; productRef = 86A59E21278851A6004D31AF /* IOTAWallet */; };
		86A59E23278851A6004D31AF /* IOTAWallet in Embed Frameworks */ = {isa = PBXBuildFile; productRef = 86A59E21278851A6004D31AF /* IOTAWallet */; settings = {ATTRIBUTES = (CodeSignOnCopy, ); }; };
		86A59E2627885390004D31AF /* IOTAWallet in Frameworks */ = {isa = PBXBuildFile; productRef = 86A59E2527885390004D31AF /* IOTAWallet */; };
		86AD95112789FABC0002F5CF /* BalanceViewModel.swift in Sources */ = {isa = PBXBuildFile; fileRef = 86AD95102789FABC0002F5CF /* BalanceViewModel.swift */; };
		86AD9513278A2F0F0002F5CF /* ReceiveViewModel.swift in Sources */ = {isa = PBXBuildFile; fileRef = 86AD9512278A2F0F0002F5CF /* ReceiveViewModel.swift */; };
		86AD9515278A3B170002F5CF /* Bech32.swift in Sources */ = {isa = PBXBuildFile; fileRef = 86AD9514278A3B170002F5CF /* Bech32.swift */; };
		86AD9517278A3F730002F5CF /* SendView.swift in Sources */ = {isa = PBXBuildFile; fileRef = 86AD9516278A3F730002F5CF /* SendView.swift */; };
		86AD9519278A4C7A0002F5CF /* SendViewModel.swift in Sources */ = {isa = PBXBuildFile; fileRef = 86AD9518278A4C7A0002F5CF /* SendViewModel.swift */; };
		86B22C362780DA6E008BED50 /* IotaWalletApp.swift in Sources */ = {isa = PBXBuildFile; fileRef = 86B22C352780DA6E008BED50 /* IotaWalletApp.swift */; };
		86B22C382780DA6E008BED50 /* ContentView.swift in Sources */ = {isa = PBXBuildFile; fileRef = 86B22C372780DA6E008BED50 /* ContentView.swift */; };
		86B22C3A2780DA70008BED50 /* Assets.xcassets in Resources */ = {isa = PBXBuildFile; fileRef = 86B22C392780DA70008BED50 /* Assets.xcassets */; };
		86B22C3D2780DA70008BED50 /* Preview Assets.xcassets in Resources */ = {isa = PBXBuildFile; fileRef = 86B22C3C2780DA70008BED50 /* Preview Assets.xcassets */; };
		86B22C452780DAE3008BED50 /* MainView.swift in Sources */ = {isa = PBXBuildFile; fileRef = 86B22C442780DAE3008BED50 /* MainView.swift */; };
		86B22C472780DD58008BED50 /* BalanceView.swift in Sources */ = {isa = PBXBuildFile; fileRef = 86B22C462780DD58008BED50 /* BalanceView.swift */; };
		86B22C4A2780E0A1008BED50 /* ColorExtensions.swift in Sources */ = {isa = PBXBuildFile; fileRef = 86B22C492780E0A1008BED50 /* ColorExtensions.swift */; };
		86B22C4E2781C167008BED50 /* AccountView.swift in Sources */ = {isa = PBXBuildFile; fileRef = 86B22C4D2781C167008BED50 /* AccountView.swift */; };
		86B22C52278201BB008BED50 /* Account.swift in Sources */ = {isa = PBXBuildFile; fileRef = 86B22C51278201BB008BED50 /* Account.swift */; };
		86B22C54278202E4008BED50 /* AccountViewModel.swift in Sources */ = {isa = PBXBuildFile; fileRef = 86B22C53278202E4008BED50 /* AccountViewModel.swift */; };
		86B22C5627820A10008BED50 /* ViewStatus.swift in Sources */ = {isa = PBXBuildFile; fileRef = 86B22C5527820A10008BED50 /* ViewStatus.swift */; };
		86B22C5B278210B3008BED50 /* Wallet.swift in Sources */ = {isa = PBXBuildFile; fileRef = 86B22C5A278210B3008BED50 /* Wallet.swift */; };
/* End PBXBuildFile section */

/* Begin PBXCopyFilesBuildPhase section */
		8668A798278211F50054A28D /* Embed Frameworks */ = {
			isa = PBXCopyFilesBuildPhase;
			buildActionMask = 2147483647;
			dstPath = "";
			dstSubfolderSpec = 10;
			files = (
				86A59E23278851A6004D31AF /* IOTAWallet in Embed Frameworks */,
			);
			name = "Embed Frameworks";
			runOnlyForDeploymentPostprocessing = 0;
		};
/* End PBXCopyFilesBuildPhase section */

/* Begin PBXFileReference section */
		862B537D2788D145003A1CF3 /* PasswordViewModel.swift */ = {isa = PBXFileReference; lastKnownFileType = sourcecode.swift; path = PasswordViewModel.swift; sourceTree = "<group>"; };
		862B537F2788E197003A1CF3 /* NewAliasViewModel.swift */ = {isa = PBXFileReference; lastKnownFileType = sourcecode.swift; path = NewAliasViewModel.swift; sourceTree = "<group>"; };
		862B53812788E1EA003A1CF3 /* NewAliasView.swift */ = {isa = PBXFileReference; lastKnownFileType = sourcecode.swift; path = NewAliasView.swift; sourceTree = "<group>"; };
		862B53832788E981003A1CF3 /* NewAccount.swift */ = {isa = PBXFileReference; lastKnownFileType = sourcecode.swift; path = NewAccount.swift; sourceTree = "<group>"; };
		862B53852788FE10003A1CF3 /* NewAccountViewModel.swift */ = {isa = PBXFileReference; lastKnownFileType = sourcecode.swift; path = NewAccountViewModel.swift; sourceTree = "<group>"; };
		862B5387278900DA003A1CF3 /* NewSeedViewModel.swift */ = {isa = PBXFileReference; lastKnownFileType = sourcecode.swift; path = NewSeedViewModel.swift; sourceTree = "<group>"; };
		862B53892789D1D4003A1CF3 /* AddSeedViewModel.swift */ = {isa = PBXFileReference; lastKnownFileType = sourcecode.swift; path = AddSeedViewModel.swift; sourceTree = "<group>"; };
		8668A7992784A9800054A28D /* NewAccountView.swift */ = {isa = PBXFileReference; lastKnownFileType = sourcecode.swift; path = NewAccountView.swift; sourceTree = "<group>"; };
		867B1C4F2785C357001807B5 /* NewSeedView.swift */ = {isa = PBXFileReference; lastKnownFileType = sourcecode.swift; path = NewSeedView.swift; sourceTree = "<group>"; };
		867B1C512785DBEB001807B5 /* AddSeedView.swift */ = {isa = PBXFileReference; lastKnownFileType = sourcecode.swift; path = AddSeedView.swift; sourceTree = "<group>"; };
		867B1C532785E28F001807B5 /* ViewExtensions.swift */ = {isa = PBXFileReference; lastKnownFileType = sourcecode.swift; path = ViewExtensions.swift; sourceTree = "<group>"; };
		867B1C5527874EA1001807B5 /* PasswordView.swift */ = {isa = PBXFileReference; lastKnownFileType = sourcecode.swift; path = PasswordView.swift; sourceTree = "<group>"; };
		867B1C5727875938001807B5 /* ReceiveView.swift */ = {isa = PBXFileReference; lastKnownFileType = sourcecode.swift; path = ReceiveView.swift; sourceTree = "<group>"; };
		867B1C5927875A63001807B5 /* Utils.swift */ = {isa = PBXFileReference; lastKnownFileType = sourcecode.swift; path = Utils.swift; sourceTree = "<group>"; };
		86AD95102789FABC0002F5CF /* BalanceViewModel.swift */ = {isa = PBXFileReference; lastKnownFileType = sourcecode.swift; path = BalanceViewModel.swift; sourceTree = "<group>"; };
		86AD9512278A2F0F0002F5CF /* ReceiveViewModel.swift */ = {isa = PBXFileReference; lastKnownFileType = sourcecode.swift; path = ReceiveViewModel.swift; sourceTree = "<group>"; };
		86AD9514278A3B170002F5CF /* Bech32.swift */ = {isa = PBXFileReference; lastKnownFileType = sourcecode.swift; path = Bech32.swift; sourceTree = "<group>"; };
		86AD9516278A3F730002F5CF /* SendView.swift */ = {isa = PBXFileReference; lastKnownFileType = sourcecode.swift; path = SendView.swift; sourceTree = "<group>"; };
		86AD9518278A4C7A0002F5CF /* SendViewModel.swift */ = {isa = PBXFileReference; lastKnownFileType = sourcecode.swift; path = SendViewModel.swift; sourceTree = "<group>"; };
		86B22C322780DA6E008BED50 /* IotaWalletApp.app */ = {isa = PBXFileReference; explicitFileType = wrapper.application; includeInIndex = 0; path = IotaWalletApp.app; sourceTree = BUILT_PRODUCTS_DIR; };
		86B22C352780DA6E008BED50 /* IotaWalletApp.swift */ = {isa = PBXFileReference; lastKnownFileType = sourcecode.swift; path = IotaWalletApp.swift; sourceTree = "<group>"; };
		86B22C372780DA6E008BED50 /* ContentView.swift */ = {isa = PBXFileReference; lastKnownFileType = sourcecode.swift; path = ContentView.swift; sourceTree = "<group>"; };
		86B22C392780DA70008BED50 /* Assets.xcassets */ = {isa = PBXFileReference; lastKnownFileType = folder.assetcatalog; path = Assets.xcassets; sourceTree = "<group>"; };
		86B22C3C2780DA70008BED50 /* Preview Assets.xcassets */ = {isa = PBXFileReference; lastKnownFileType = folder.assetcatalog; path = "Preview Assets.xcassets"; sourceTree = "<group>"; };
		86B22C442780DAE3008BED50 /* MainView.swift */ = {isa = PBXFileReference; lastKnownFileType = sourcecode.swift; path = MainView.swift; sourceTree = "<group>"; };
		86B22C462780DD58008BED50 /* BalanceView.swift */ = {isa = PBXFileReference; lastKnownFileType = sourcecode.swift; path = BalanceView.swift; sourceTree = "<group>"; };
		86B22C492780E0A1008BED50 /* ColorExtensions.swift */ = {isa = PBXFileReference; lastKnownFileType = sourcecode.swift; path = ColorExtensions.swift; sourceTree = "<group>"; };
		86B22C4D2781C167008BED50 /* AccountView.swift */ = {isa = PBXFileReference; lastKnownFileType = sourcecode.swift; path = AccountView.swift; sourceTree = "<group>"; };
		86B22C51278201BB008BED50 /* Account.swift */ = {isa = PBXFileReference; lastKnownFileType = sourcecode.swift; path = Account.swift; sourceTree = "<group>"; };
		86B22C53278202E4008BED50 /* AccountViewModel.swift */ = {isa = PBXFileReference; lastKnownFileType = sourcecode.swift; path = AccountViewModel.swift; sourceTree = "<group>"; };
		86B22C5527820A10008BED50 /* ViewStatus.swift */ = {isa = PBXFileReference; lastKnownFileType = sourcecode.swift; path = ViewStatus.swift; sourceTree = "<group>"; };
		86B22C5A278210B3008BED50 /* Wallet.swift */ = {isa = PBXFileReference; lastKnownFileType = sourcecode.swift; path = Wallet.swift; sourceTree = "<group>"; };
/* End PBXFileReference section */

/* Begin PBXFrameworksBuildPhase section */
		86B22C2F2780DA6E008BED50 /* Frameworks */ = {
			isa = PBXFrameworksBuildPhase;
			buildActionMask = 2147483647;
			files = (
				86A59E2627885390004D31AF /* IOTAWallet in Frameworks */,
				86A59E22278851A6004D31AF /* IOTAWallet in Frameworks */,
			);
			runOnlyForDeploymentPostprocessing = 0;
		};
/* End PBXFrameworksBuildPhase section */

/* Begin PBXGroup section */
		8668A794278211F50054A28D /* Frameworks */ = {
			isa = PBXGroup;
			children = (
			);
			name = Frameworks;
			sourceTree = "<group>";
		};
		86B22C292780DA6E008BED50 = {
			isa = PBXGroup;
			children = (
				86B22C342780DA6E008BED50 /* IotaWallet */,
				86B22C332780DA6E008BED50 /* Products */,
				8668A794278211F50054A28D /* Frameworks */,
			);
			sourceTree = "<group>";
		};
		86B22C332780DA6E008BED50 /* Products */ = {
			isa = PBXGroup;
			children = (
				86B22C322780DA6E008BED50 /* IotaWalletApp.app */,
			);
			name = Products;
			sourceTree = "<group>";
		};
		86B22C342780DA6E008BED50 /* IotaWallet */ = {
			isa = PBXGroup;
			children = (
				86B22C482780E08F008BED50 /* Utils */,
				86B22C5027820179008BED50 /* ViewModels */,
				86B22C4F2782016F008BED50 /* Models */,
				86B22C432780DABB008BED50 /* Views */,
				86B22C352780DA6E008BED50 /* IotaWalletApp.swift */,
				86B22C372780DA6E008BED50 /* ContentView.swift */,
				86B22C392780DA70008BED50 /* Assets.xcassets */,
				86B22C3B2780DA70008BED50 /* Preview Content */,
			);
			path = IotaWallet;
			sourceTree = "<group>";
		};
		86B22C3B2780DA70008BED50 /* Preview Content */ = {
			isa = PBXGroup;
			children = (
				86B22C3C2780DA70008BED50 /* Preview Assets.xcassets */,
			);
			path = "Preview Content";
			sourceTree = "<group>";
		};
		86B22C432780DABB008BED50 /* Views */ = {
			isa = PBXGroup;
			children = (
				86B22C442780DAE3008BED50 /* MainView.swift */,
				86B22C462780DD58008BED50 /* BalanceView.swift */,
				86B22C4D2781C167008BED50 /* AccountView.swift */,
				8668A7992784A9800054A28D /* NewAccountView.swift */,
				867B1C4F2785C357001807B5 /* NewSeedView.swift */,
				862B53812788E1EA003A1CF3 /* NewAliasView.swift */,
				867B1C512785DBEB001807B5 /* AddSeedView.swift */,
				867B1C5527874EA1001807B5 /* PasswordView.swift */,
				867B1C5727875938001807B5 /* ReceiveView.swift */,
				86AD9516278A3F730002F5CF /* SendView.swift */,
			);
			path = Views;
			sourceTree = "<group>";
		};
		86B22C482780E08F008BED50 /* Utils */ = {
			isa = PBXGroup;
			children = (
				86B22C492780E0A1008BED50 /* ColorExtensions.swift */,
				86B22C5527820A10008BED50 /* ViewStatus.swift */,
				86B22C5A278210B3008BED50 /* Wallet.swift */,
				867B1C532785E28F001807B5 /* ViewExtensions.swift */,
				867B1C5927875A63001807B5 /* Utils.swift */,
				86AD9514278A3B170002F5CF /* Bech32.swift */,
			);
			path = Utils;
			sourceTree = "<group>";
		};
		86B22C4F2782016F008BED50 /* Models */ = {
			isa = PBXGroup;
			children = (
				86B22C51278201BB008BED50 /* Account.swift */,
				862B53832788E981003A1CF3 /* NewAccount.swift */,
			);
			path = Models;
			sourceTree = "<group>";
		};
		86B22C5027820179008BED50 /* ViewModels */ = {
			isa = PBXGroup;
			children = (
				86B22C53278202E4008BED50 /* AccountViewModel.swift */,
				862B537D2788D145003A1CF3 /* PasswordViewModel.swift */,
				862B537F2788E197003A1CF3 /* NewAliasViewModel.swift */,
				862B53852788FE10003A1CF3 /* NewAccountViewModel.swift */,
				862B5387278900DA003A1CF3 /* NewSeedViewModel.swift */,
				862B53892789D1D4003A1CF3 /* AddSeedViewModel.swift */,
				86AD95102789FABC0002F5CF /* BalanceViewModel.swift */,
				86AD9512278A2F0F0002F5CF /* ReceiveViewModel.swift */,
				86AD9518278A4C7A0002F5CF /* SendViewModel.swift */,
			);
			path = ViewModels;
			sourceTree = "<group>";
		};
/* End PBXGroup section */

/* Begin PBXNativeTarget section */
		86B22C312780DA6E008BED50 /* IotaWalletApp */ = {
			isa = PBXNativeTarget;
			buildConfigurationList = 86B22C402780DA70008BED50 /* Build configuration list for PBXNativeTarget "IotaWalletApp" */;
			buildPhases = (
				86B22C2E2780DA6E008BED50 /* Sources */,
				86B22C2F2780DA6E008BED50 /* Frameworks */,
				86B22C302780DA6E008BED50 /* Resources */,
				8668A798278211F50054A28D /* Embed Frameworks */,
			);
			buildRules = (
			);
			dependencies = (
			);
			name = IotaWalletApp;
			packageProductDependencies = (
				86A59E21278851A6004D31AF /* IOTAWallet */,
				86A59E2527885390004D31AF /* IOTAWallet */,
			);
			productName = IotaWallet;
			productReference = 86B22C322780DA6E008BED50 /* IotaWalletApp.app */;
			productType = "com.apple.product-type.application";
		};
/* End PBXNativeTarget section */

/* Begin PBXProject section */
		86B22C2A2780DA6E008BED50 /* Project object */ = {
			isa = PBXProject;
			attributes = {
				BuildIndependentTargetsInParallel = 1;
				LastSwiftUpdateCheck = 1300;
				LastUpgradeCheck = 1300;
				TargetAttributes = {
					86B22C312780DA6E008BED50 = {
						CreatedOnToolsVersion = 13.0;
					};
				};
			};
			buildConfigurationList = 86B22C2D2780DA6E008BED50 /* Build configuration list for PBXProject "IotaWalletApp" */;
			compatibilityVersion = "Xcode 13.0";
			developmentRegion = en;
			hasScannedForEncodings = 0;
			knownRegions = (
				en,
				Base,
			);
			mainGroup = 86B22C292780DA6E008BED50;
			packageReferences = (
				86A59E2427885390004D31AF /* XCRemoteSwiftPackageReference "iota-wallet.rs-swift-binding" */,
			);
			productRefGroup = 86B22C332780DA6E008BED50 /* Products */;
			projectDirPath = "";
			projectRoot = "";
			targets = (
				86B22C312780DA6E008BED50 /* IotaWalletApp */,
			);
		};
/* End PBXProject section */

/* Begin PBXResourcesBuildPhase section */
		86B22C302780DA6E008BED50 /* Resources */ = {
			isa = PBXResourcesBuildPhase;
			buildActionMask = 2147483647;
			files = (
				86B22C3D2780DA70008BED50 /* Preview Assets.xcassets in Resources */,
				86B22C3A2780DA70008BED50 /* Assets.xcassets in Resources */,
			);
			runOnlyForDeploymentPostprocessing = 0;
		};
/* End PBXResourcesBuildPhase section */

/* Begin PBXSourcesBuildPhase section */
		86B22C2E2780DA6E008BED50 /* Sources */ = {
			isa = PBXSourcesBuildPhase;
			buildActionMask = 2147483647;
			files = (
				862B53822788E1EA003A1CF3 /* NewAliasView.swift in Sources */,
				8668A79A2784A9800054A28D /* NewAccountView.swift in Sources */,
				862B537E2788D145003A1CF3 /* PasswordViewModel.swift in Sources */,
				862B53862788FE10003A1CF3 /* NewAccountViewModel.swift in Sources */,
				86B22C5B278210B3008BED50 /* Wallet.swift in Sources */,
				862B5388278900DA003A1CF3 /* NewSeedViewModel.swift in Sources */,
				86B22C5627820A10008BED50 /* ViewStatus.swift in Sources */,
				86AD9519278A4C7A0002F5CF /* SendViewModel.swift in Sources */,
				867B1C522785DBEB001807B5 /* AddSeedView.swift in Sources */,
				86B22C4E2781C167008BED50 /* AccountView.swift in Sources */,
				86B22C382780DA6E008BED50 /* ContentView.swift in Sources */,
				86B22C54278202E4008BED50 /* AccountViewModel.swift in Sources */,
				86B22C4A2780E0A1008BED50 /* ColorExtensions.swift in Sources */,
				867B1C542785E28F001807B5 /* ViewExtensions.swift in Sources */,
				862B53842788E981003A1CF3 /* NewAccount.swift in Sources */,
				86AD9513278A2F0F0002F5CF /* ReceiveViewModel.swift in Sources */,
				867B1C5A27875A63001807B5 /* Utils.swift in Sources */,
				862B538A2789D1D4003A1CF3 /* AddSeedViewModel.swift in Sources */,
				86B22C472780DD58008BED50 /* BalanceView.swift in Sources */,
				867B1C5827875938001807B5 /* ReceiveView.swift in Sources */,
				867B1C5627874EA1001807B5 /* PasswordView.swift in Sources */,
				862B53802788E197003A1CF3 /* NewAliasViewModel.swift in Sources */,
				86B22C452780DAE3008BED50 /* MainView.swift in Sources */,
				86B22C362780DA6E008BED50 /* IotaWalletApp.swift in Sources */,
				867B1C502785C357001807B5 /* NewSeedView.swift in Sources */,
				86AD95112789FABC0002F5CF /* BalanceViewModel.swift in Sources */,
				86B22C52278201BB008BED50 /* Account.swift in Sources */,
				86AD9517278A3F730002F5CF /* SendView.swift in Sources */,
				86AD9515278A3B170002F5CF /* Bech32.swift in Sources */,
			);
			runOnlyForDeploymentPostprocessing = 0;
		};
/* End PBXSourcesBuildPhase section */

/* Begin XCBuildConfiguration section */
		86B22C3E2780DA70008BED50 /* Debug */ = {
			isa = XCBuildConfiguration;
			buildSettings = {
				ALWAYS_SEARCH_USER_PATHS = NO;
				CLANG_ANALYZER_NONNULL = YES;
				CLANG_ANALYZER_NUMBER_OBJECT_CONVERSION = YES_AGGRESSIVE;
				CLANG_CXX_LANGUAGE_STANDARD = "gnu++17";
				CLANG_CXX_LIBRARY = "libc++";
				CLANG_ENABLE_MODULES = YES;
				CLANG_ENABLE_OBJC_ARC = YES;
				CLANG_ENABLE_OBJC_WEAK = YES;
				CLANG_WARN_BLOCK_CAPTURE_AUTORELEASING = YES;
				CLANG_WARN_BOOL_CONVERSION = YES;
				CLANG_WARN_COMMA = YES;
				CLANG_WARN_CONSTANT_CONVERSION = YES;
				CLANG_WARN_DEPRECATED_OBJC_IMPLEMENTATIONS = YES;
				CLANG_WARN_DIRECT_OBJC_ISA_USAGE = YES_ERROR;
				CLANG_WARN_DOCUMENTATION_COMMENTS = YES;
				CLANG_WARN_EMPTY_BODY = YES;
				CLANG_WARN_ENUM_CONVERSION = YES;
				CLANG_WARN_INFINITE_RECURSION = YES;
				CLANG_WARN_INT_CONVERSION = YES;
				CLANG_WARN_NON_LITERAL_NULL_CONVERSION = YES;
				CLANG_WARN_OBJC_IMPLICIT_RETAIN_SELF = YES;
				CLANG_WARN_OBJC_LITERAL_CONVERSION = YES;
				CLANG_WARN_OBJC_ROOT_CLASS = YES_ERROR;
				CLANG_WARN_QUOTED_INCLUDE_IN_FRAMEWORK_HEADER = YES;
				CLANG_WARN_RANGE_LOOP_ANALYSIS = YES;
				CLANG_WARN_STRICT_PROTOTYPES = YES;
				CLANG_WARN_SUSPICIOUS_MOVE = YES;
				CLANG_WARN_UNGUARDED_AVAILABILITY = YES_AGGRESSIVE;
				CLANG_WARN_UNREACHABLE_CODE = YES;
				CLANG_WARN__DUPLICATE_METHOD_MATCH = YES;
				COPY_PHASE_STRIP = NO;
				DEBUG_INFORMATION_FORMAT = dwarf;
				ENABLE_STRICT_OBJC_MSGSEND = YES;
				ENABLE_TESTABILITY = YES;
				GCC_C_LANGUAGE_STANDARD = gnu11;
				GCC_DYNAMIC_NO_PIC = NO;
				GCC_NO_COMMON_BLOCKS = YES;
				GCC_OPTIMIZATION_LEVEL = 0;
				GCC_PREPROCESSOR_DEFINITIONS = (
					"DEBUG=1",
					"$(inherited)",
				);
				GCC_WARN_64_TO_32_BIT_CONVERSION = YES;
				GCC_WARN_ABOUT_RETURN_TYPE = YES_ERROR;
				GCC_WARN_UNDECLARED_SELECTOR = YES;
				GCC_WARN_UNINITIALIZED_AUTOS = YES_AGGRESSIVE;
				GCC_WARN_UNUSED_FUNCTION = YES;
				GCC_WARN_UNUSED_VARIABLE = YES;
				IPHONEOS_DEPLOYMENT_TARGET = 15.0;
				MTL_ENABLE_DEBUG_INFO = INCLUDE_SOURCE;
				MTL_FAST_MATH = YES;
				ONLY_ACTIVE_ARCH = YES;
				SDKROOT = iphoneos;
				SWIFT_ACTIVE_COMPILATION_CONDITIONS = DEBUG;
				SWIFT_OPTIMIZATION_LEVEL = "-Onone";
			};
			name = Debug;
		};
		86B22C3F2780DA70008BED50 /* Release */ = {
			isa = XCBuildConfiguration;
			buildSettings = {
				ALWAYS_SEARCH_USER_PATHS = NO;
				CLANG_ANALYZER_NONNULL = YES;
				CLANG_ANALYZER_NUMBER_OBJECT_CONVERSION = YES_AGGRESSIVE;
				CLANG_CXX_LANGUAGE_STANDARD = "gnu++17";
				CLANG_CXX_LIBRARY = "libc++";
				CLANG_ENABLE_MODULES = YES;
				CLANG_ENABLE_OBJC_ARC = YES;
				CLANG_ENABLE_OBJC_WEAK = YES;
				CLANG_WARN_BLOCK_CAPTURE_AUTORELEASING = YES;
				CLANG_WARN_BOOL_CONVERSION = YES;
				CLANG_WARN_COMMA = YES;
				CLANG_WARN_CONSTANT_CONVERSION = YES;
				CLANG_WARN_DEPRECATED_OBJC_IMPLEMENTATIONS = YES;
				CLANG_WARN_DIRECT_OBJC_ISA_USAGE = YES_ERROR;
				CLANG_WARN_DOCUMENTATION_COMMENTS = YES;
				CLANG_WARN_EMPTY_BODY = YES;
				CLANG_WARN_ENUM_CONVERSION = YES;
				CLANG_WARN_INFINITE_RECURSION = YES;
				CLANG_WARN_INT_CONVERSION = YES;
				CLANG_WARN_NON_LITERAL_NULL_CONVERSION = YES;
				CLANG_WARN_OBJC_IMPLICIT_RETAIN_SELF = YES;
				CLANG_WARN_OBJC_LITERAL_CONVERSION = YES;
				CLANG_WARN_OBJC_ROOT_CLASS = YES_ERROR;
				CLANG_WARN_QUOTED_INCLUDE_IN_FRAMEWORK_HEADER = YES;
				CLANG_WARN_RANGE_LOOP_ANALYSIS = YES;
				CLANG_WARN_STRICT_PROTOTYPES = YES;
				CLANG_WARN_SUSPICIOUS_MOVE = YES;
				CLANG_WARN_UNGUARDED_AVAILABILITY = YES_AGGRESSIVE;
				CLANG_WARN_UNREACHABLE_CODE = YES;
				CLANG_WARN__DUPLICATE_METHOD_MATCH = YES;
				COPY_PHASE_STRIP = NO;
				DEBUG_INFORMATION_FORMAT = "dwarf-with-dsym";
				ENABLE_NS_ASSERTIONS = NO;
				ENABLE_STRICT_OBJC_MSGSEND = YES;
				GCC_C_LANGUAGE_STANDARD = gnu11;
				GCC_NO_COMMON_BLOCKS = YES;
				GCC_WARN_64_TO_32_BIT_CONVERSION = YES;
				GCC_WARN_ABOUT_RETURN_TYPE = YES_ERROR;
				GCC_WARN_UNDECLARED_SELECTOR = YES;
				GCC_WARN_UNINITIALIZED_AUTOS = YES_AGGRESSIVE;
				GCC_WARN_UNUSED_FUNCTION = YES;
				GCC_WARN_UNUSED_VARIABLE = YES;
				IPHONEOS_DEPLOYMENT_TARGET = 15.0;
				MTL_ENABLE_DEBUG_INFO = NO;
				MTL_FAST_MATH = YES;
				SDKROOT = iphoneos;
				SWIFT_COMPILATION_MODE = wholemodule;
				SWIFT_OPTIMIZATION_LEVEL = "-O";
				VALIDATE_PRODUCT = YES;
			};
			name = Release;
		};
		86B22C412780DA70008BED50 /* Debug */ = {
			isa = XCBuildConfiguration;
			buildSettings = {
				ASSETCATALOG_COMPILER_APPICON_NAME = AppIcon;
				ASSETCATALOG_COMPILER_GLOBAL_ACCENT_COLOR_NAME = AccentColor;
				CODE_SIGN_STYLE = Automatic;
				CURRENT_PROJECT_VERSION = 1;
				DEVELOPMENT_ASSET_PATHS = "\"IotaWallet/Preview Content\"";
				DEVELOPMENT_TEAM = NRSZN92M5X;
				ENABLE_PREVIEWS = YES;
				EXCLUDED_ARCHS = "";
				GENERATE_INFOPLIST_FILE = YES;
				INFOPLIST_KEY_UIApplicationSceneManifest_Generation = YES;
				INFOPLIST_KEY_UIApplicationSupportsIndirectInputEvents = YES;
				INFOPLIST_KEY_UILaunchScreen_Generation = YES;
				INFOPLIST_KEY_UISupportedInterfaceOrientations_iPad = "UIInterfaceOrientationPortrait UIInterfaceOrientationPortraitUpsideDown UIInterfaceOrientationLandscapeLeft UIInterfaceOrientationLandscapeRight";
				INFOPLIST_KEY_UISupportedInterfaceOrientations_iPhone = "UIInterfaceOrientationPortrait UIInterfaceOrientationLandscapeLeft UIInterfaceOrientationLandscapeRight";
				IPHONEOS_DEPLOYMENT_TARGET = 14.0;
				LD_RUNPATH_SEARCH_PATHS = (
					"$(inherited)",
					"@executable_path/Frameworks",
				);
				MARKETING_VERSION = 1.0;
				PRODUCT_BUNDLE_IDENTIFIER = com.pasqualeambrosini.IotaWallet;
				PRODUCT_NAME = "$(TARGET_NAME)";
				SWIFT_EMIT_LOC_STRINGS = YES;
				SWIFT_VERSION = 5.0;
				TARGETED_DEVICE_FAMILY = "1,2";
			};
			name = Debug;
		};
		86B22C422780DA70008BED50 /* Release */ = {
			isa = XCBuildConfiguration;
			buildSettings = {
				ASSETCATALOG_COMPILER_APPICON_NAME = AppIcon;
				ASSETCATALOG_COMPILER_GLOBAL_ACCENT_COLOR_NAME = AccentColor;
				CODE_SIGN_STYLE = Automatic;
				CURRENT_PROJECT_VERSION = 1;
				DEVELOPMENT_ASSET_PATHS = "\"IotaWallet/Preview Content\"";
				DEVELOPMENT_TEAM = NRSZN92M5X;
				ENABLE_PREVIEWS = YES;
				EXCLUDED_ARCHS = "";
				GENERATE_INFOPLIST_FILE = YES;
				INFOPLIST_KEY_UIApplicationSceneManifest_Generation = YES;
				INFOPLIST_KEY_UIApplicationSupportsIndirectInputEvents = YES;
				INFOPLIST_KEY_UILaunchScreen_Generation = YES;
				INFOPLIST_KEY_UISupportedInterfaceOrientations_iPad = "UIInterfaceOrientationPortrait UIInterfaceOrientationPortraitUpsideDown UIInterfaceOrientationLandscapeLeft UIInterfaceOrientationLandscapeRight";
				INFOPLIST_KEY_UISupportedInterfaceOrientations_iPhone = "UIInterfaceOrientationPortrait UIInterfaceOrientationLandscapeLeft UIInterfaceOrientationLandscapeRight";
				IPHONEOS_DEPLOYMENT_TARGET = 14.0;
				LD_RUNPATH_SEARCH_PATHS = (
					"$(inherited)",
					"@executable_path/Frameworks",
				);
				MARKETING_VERSION = 1.0;
				PRODUCT_BUNDLE_IDENTIFIER = com.pasqualeambrosini.IotaWallet;
				PRODUCT_NAME = "$(TARGET_NAME)";
				SWIFT_EMIT_LOC_STRINGS = YES;
				SWIFT_VERSION = 5.0;
				TARGETED_DEVICE_FAMILY = "1,2";
			};
			name = Release;
		};
/* End XCBuildConfiguration section */

/* Begin XCConfigurationList section */
		86B22C2D2780DA6E008BED50 /* Build configuration list for PBXProject "IotaWalletApp" */ = {
			isa = XCConfigurationList;
			buildConfigurations = (
				86B22C3E2780DA70008BED50 /* Debug */,
				86B22C3F2780DA70008BED50 /* Release */,
			);
			defaultConfigurationIsVisible = 0;
			defaultConfigurationName = Release;
		};
		86B22C402780DA70008BED50 /* Build configuration list for PBXNativeTarget "IotaWalletApp" */ = {
			isa = XCConfigurationList;
			buildConfigurations = (
				86B22C412780DA70008BED50 /* Debug */,
				86B22C422780DA70008BED50 /* Release */,
			);
			defaultConfigurationIsVisible = 0;
			defaultConfigurationName = Release;
		};
/* End XCConfigurationList section */

/* Begin XCRemoteSwiftPackageReference section */
		86A59E2427885390004D31AF /* XCRemoteSwiftPackageReference "iota-wallet.rs-swift-binding" */ = {
			isa = XCRemoteSwiftPackageReference;
			repositoryURL = "git@github.com:pascalbros/iota-wallet.rs-swift-binding.git";
			requirement = {
				branch = main;
				kind = branch;
			};
		};
/* End XCRemoteSwiftPackageReference section */

/* Begin XCSwiftPackageProductDependency section */
		86A59E21278851A6004D31AF /* IOTAWallet */ = {
			isa = XCSwiftPackageProductDependency;
			productName = IOTAWallet;
		};
		86A59E2527885390004D31AF /* IOTAWallet */ = {
			isa = XCSwiftPackageProductDependency;
			package = 86A59E2427885390004D31AF /* XCRemoteSwiftPackageReference "iota-wallet.rs-swift-binding" */;
			productName = IOTAWallet;
		};
/* End XCSwiftPackageProductDependency section */
	};
	rootObject = 86B22C2A2780DA6E008BED50 /* Project object */;
}
